// !$*UTF8*$!
{
	archiveVersion = 1;
	classes = {
	};
	objectVersion = 46;
	objects = {

/* Begin PBXBuildFile section */
		026D27EB16EA8C3300BAFB8F /* UIKit.framework in Frameworks */ = {isa = PBXBuildFile; fileRef = 026D27EA16EA8C3300BAFB8F /* UIKit.framework */; };
		026D27ED16EA8C3300BAFB8F /* Foundation.framework in Frameworks */ = {isa = PBXBuildFile; fileRef = 026D27EC16EA8C3300BAFB8F /* Foundation.framework */; };
		026D27EF16EA8C3300BAFB8F /* CoreGraphics.framework in Frameworks */ = {isa = PBXBuildFile; fileRef = 026D27EE16EA8C3300BAFB8F /* CoreGraphics.framework */; };
		026D27F516EA8C3300BAFB8F /* InfoPlist.strings in Resources */ = {isa = PBXBuildFile; fileRef = 026D27F316EA8C3300BAFB8F /* InfoPlist.strings */; };
		026D27F716EA8C3300BAFB8F /* main.m in Sources */ = {isa = PBXBuildFile; fileRef = 026D27F616EA8C3300BAFB8F /* main.m */; };
		026D27FB16EA8C3300BAFB8F /* AppDelegate.m in Sources */ = {isa = PBXBuildFile; fileRef = 026D27FA16EA8C3300BAFB8F /* AppDelegate.m */; };
		026D27FD16EA8C3300BAFB8F /* Default.png in Resources */ = {isa = PBXBuildFile; fileRef = 026D27FC16EA8C3300BAFB8F /* Default.png */; };
		026D27FF16EA8C3300BAFB8F /* Default@2x.png in Resources */ = {isa = PBXBuildFile; fileRef = 026D27FE16EA8C3300BAFB8F /* Default@2x.png */; };
		026D280116EA8C3300BAFB8F /* Default-568h@2x.png in Resources */ = {isa = PBXBuildFile; fileRef = 026D280016EA8C3300BAFB8F /* Default-568h@2x.png */; };
		026D280416EA8C3400BAFB8F /* MainStoryboard_iPhone.storyboard in Resources */ = {isa = PBXBuildFile; fileRef = 026D280216EA8C3400BAFB8F /* MainStoryboard_iPhone.storyboard */; };
		026D280716EA8C3400BAFB8F /* MainStoryboard_iPad.storyboard in Resources */ = {isa = PBXBuildFile; fileRef = 026D280516EA8C3400BAFB8F /* MainStoryboard_iPad.storyboard */; };
		026D280A16EA8C3400BAFB8F /* FirstViewController.m in Sources */ = {isa = PBXBuildFile; fileRef = 026D280916EA8C3400BAFB8F /* FirstViewController.m */; };
		026D280C16EA8C3400BAFB8F /* first.png in Resources */ = {isa = PBXBuildFile; fileRef = 026D280B16EA8C3400BAFB8F /* first.png */; };
		026D280E16EA8C3400BAFB8F /* first@2x.png in Resources */ = {isa = PBXBuildFile; fileRef = 026D280D16EA8C3400BAFB8F /* first@2x.png */; };
		026D281116EA8C3400BAFB8F /* SecondViewController.m in Sources */ = {isa = PBXBuildFile; fileRef = 026D281016EA8C3400BAFB8F /* SecondViewController.m */; };
		026D281316EA8C3400BAFB8F /* second.png in Resources */ = {isa = PBXBuildFile; fileRef = 026D281216EA8C3400BAFB8F /* second.png */; };
		026D281516EA8C3400BAFB8F /* second@2x.png in Resources */ = {isa = PBXBuildFile; fileRef = 026D281416EA8C3400BAFB8F /* second@2x.png */; };
		026D281D16EA8C3400BAFB8F /* SenTestingKit.framework in Frameworks */ = {isa = PBXBuildFile; fileRef = 026D281C16EA8C3400BAFB8F /* SenTestingKit.framework */; };
		026D281E16EA8C3400BAFB8F /* UIKit.framework in Frameworks */ = {isa = PBXBuildFile; fileRef = 026D27EA16EA8C3300BAFB8F /* UIKit.framework */; };
		026D281F16EA8C3400BAFB8F /* Foundation.framework in Frameworks */ = {isa = PBXBuildFile; fileRef = 026D27EC16EA8C3300BAFB8F /* Foundation.framework */; };
		026D282716EA8C3400BAFB8F /* InfoPlist.strings in Resources */ = {isa = PBXBuildFile; fileRef = 026D282516EA8C3400BAFB8F /* InfoPlist.strings */; };
		026D282A16EA8C3400BAFB8F /* cris_iosTests.m in Sources */ = {isa = PBXBuildFile; fileRef = 026D282916EA8C3400BAFB8F /* cris_iosTests.m */; };
		02D5390F16FA4F910088621D /* PostsViewController.m in Sources */ = {isa = PBXBuildFile; fileRef = 02D5390E16FA4F910088621D /* PostsViewController.m */; };
		02D5391216FA6FD30088621D /* NewPostViewController.m in Sources */ = {isa = PBXBuildFile; fileRef = 02D5391116FA6FD30088621D /* NewPostViewController.m */; };
		0419113316F404B3009E9E5A /* 1Star.png in Resources */ = {isa = PBXBuildFile; fileRef = 0419111B16F404B3009E9E5A /* 1Star.png */; };
		0419113416F404B3009E9E5A /* 1Star@2x.png in Resources */ = {isa = PBXBuildFile; fileRef = 0419111C16F404B3009E9E5A /* 1Star@2x.png */; };
		0419113516F404B3009E9E5A /* 1StarSmall.png in Resources */ = {isa = PBXBuildFile; fileRef = 0419111D16F404B3009E9E5A /* 1StarSmall.png */; };
		0419113616F404B3009E9E5A /* 1StarSmall@2x.png in Resources */ = {isa = PBXBuildFile; fileRef = 0419111E16F404B3009E9E5A /* 1StarSmall@2x.png */; };
		0419113716F404B3009E9E5A /* 2Stars.png in Resources */ = {isa = PBXBuildFile; fileRef = 0419111F16F404B3009E9E5A /* 2Stars.png */; };
		0419113816F404B3009E9E5A /* 2Stars@2x.png in Resources */ = {isa = PBXBuildFile; fileRef = 0419112016F404B3009E9E5A /* 2Stars@2x.png */; };
		0419113916F404B3009E9E5A /* 2StarsSmall.png in Resources */ = {isa = PBXBuildFile; fileRef = 0419112116F404B3009E9E5A /* 2StarsSmall.png */; };
		0419113A16F404B3009E9E5A /* 2StarsSmall@2x.png in Resources */ = {isa = PBXBuildFile; fileRef = 0419112216F404B3009E9E5A /* 2StarsSmall@2x.png */; };
		0419113B16F404B3009E9E5A /* 3Stars.png in Resources */ = {isa = PBXBuildFile; fileRef = 0419112316F404B3009E9E5A /* 3Stars.png */; };
		0419113C16F404B3009E9E5A /* 3Stars@2x.png in Resources */ = {isa = PBXBuildFile; fileRef = 0419112416F404B3009E9E5A /* 3Stars@2x.png */; };
		0419113D16F404B3009E9E5A /* 3StarsSmall.png in Resources */ = {isa = PBXBuildFile; fileRef = 0419112516F404B3009E9E5A /* 3StarsSmall.png */; };
		0419113E16F404B3009E9E5A /* 3StarsSmall@2x.png in Resources */ = {isa = PBXBuildFile; fileRef = 0419112616F404B3009E9E5A /* 3StarsSmall@2x.png */; };
		0419113F16F404B3009E9E5A /* 4Stars.png in Resources */ = {isa = PBXBuildFile; fileRef = 0419112716F404B3009E9E5A /* 4Stars.png */; };
		0419114016F404B3009E9E5A /* 4Stars@2x.png in Resources */ = {isa = PBXBuildFile; fileRef = 0419112816F404B3009E9E5A /* 4Stars@2x.png */; };
		0419114116F404B3009E9E5A /* 4StarsSmall.png in Resources */ = {isa = PBXBuildFile; fileRef = 0419112916F404B3009E9E5A /* 4StarsSmall.png */; };
		0419114216F404B3009E9E5A /* 4StarsSmall@2x.png in Resources */ = {isa = PBXBuildFile; fileRef = 0419112A16F404B3009E9E5A /* 4StarsSmall@2x.png */; };
		0419114316F404B3009E9E5A /* 5Stars.png in Resources */ = {isa = PBXBuildFile; fileRef = 0419112B16F404B3009E9E5A /* 5Stars.png */; };
		0419114416F404B3009E9E5A /* 5Stars@2x.png in Resources */ = {isa = PBXBuildFile; fileRef = 0419112C16F404B3009E9E5A /* 5Stars@2x.png */; };
		0419114516F404B3009E9E5A /* 5StarsSmall.png in Resources */ = {isa = PBXBuildFile; fileRef = 0419112D16F404B3009E9E5A /* 5StarsSmall.png */; };
		0419114616F404B3009E9E5A /* 5StarsSmall@2x.png in Resources */ = {isa = PBXBuildFile; fileRef = 0419112E16F404B3009E9E5A /* 5StarsSmall@2x.png */; };
		0419114716F404B3009E9E5A /* Gestures.png in Resources */ = {isa = PBXBuildFile; fileRef = 0419112F16F404B3009E9E5A /* Gestures.png */; };
		0419114816F404B3009E9E5A /* Gestures@2x.png in Resources */ = {isa = PBXBuildFile; fileRef = 0419113016F404B3009E9E5A /* Gestures@2x.png */; };
		0419114916F404B3009E9E5A /* Players.png in Resources */ = {isa = PBXBuildFile; fileRef = 0419113116F404B3009E9E5A /* Players.png */; };
		0419114A16F404B3009E9E5A /* Players@2x.png in Resources */ = {isa = PBXBuildFile; fileRef = 0419113216F404B3009E9E5A /* Players@2x.png */; };
		0419114D16F68BC9009E9E5A /* thumbs-down-smallicon.png in Resources */ = {isa = PBXBuildFile; fileRef = 0419114B16F68BC8009E9E5A /* thumbs-down-smallicon.png */; };
		0419114E16F68BC9009E9E5A /* thumbs-up-smallicon.png in Resources */ = {isa = PBXBuildFile; fileRef = 0419114C16F68BC8009E9E5A /* thumbs-up-smallicon.png */; };
		04DFDFEC16FBFE8400366FB2 /* UserViewController.m in Sources */ = {isa = PBXBuildFile; fileRef = 04DFDFEB16FBFE8400366FB2 /* UserViewController.m */; };
		477FC6D316EE8A5500CCB2B2 /* Course.m in Sources */ = {isa = PBXBuildFile; fileRef = 477FC6D216EE8A5500CCB2B2 /* Course.m */; };
		479CD49F16ED21A900F31372 /* CourseDetailViewController.m in Sources */ = {isa = PBXBuildFile; fileRef = 479CD49E16ED21A900F31372 /* CourseDetailViewController.m */; };
		47D672DE16EC26640076FFE4 /* InstructorsViewController.m in Sources */ = {isa = PBXBuildFile; fileRef = 47D672DD16EC26640076FFE4 /* InstructorsViewController.m */; };
		47D672E116EC26830076FFE4 /* TopRatedViewController.m in Sources */ = {isa = PBXBuildFile; fileRef = 47D672E016EC26830076FFE4 /* TopRatedViewController.m */; };
		B6838F2716F636A90095D56D /* ReviewViewController.m in Sources */ = {isa = PBXBuildFile; fileRef = B6838F2616F636A90095D56D /* ReviewViewController.m */; };
		B687E2F816F5548F00BE2831 /* Review.m in Sources */ = {isa = PBXBuildFile; fileRef = B687E2F716F5548F00BE2831 /* Review.m */; };
		B68A5D1F16EBD9B50013EF57 /* CoursesTableViewController.m in Sources */ = {isa = PBXBuildFile; fileRef = B68A5D1E16EBD9B50013EF57 /* CoursesTableViewController.m */; };
/* End PBXBuildFile section */

/* Begin PBXContainerItemProxy section */
		026D282016EA8C3400BAFB8F /* PBXContainerItemProxy */ = {
			isa = PBXContainerItemProxy;
			containerPortal = 026D27DF16EA8C3300BAFB8F /* Project object */;
			proxyType = 1;
			remoteGlobalIDString = 026D27E616EA8C3300BAFB8F;
			remoteInfo = "cris-ios";
		};
/* End PBXContainerItemProxy section */

/* Begin PBXFileReference section */
		026D27E716EA8C3300BAFB8F /* cris-ios.app */ = {isa = PBXFileReference; explicitFileType = wrapper.application; includeInIndex = 0; path = "cris-ios.app"; sourceTree = BUILT_PRODUCTS_DIR; };
		026D27EA16EA8C3300BAFB8F /* UIKit.framework */ = {isa = PBXFileReference; lastKnownFileType = wrapper.framework; name = UIKit.framework; path = System/Library/Frameworks/UIKit.framework; sourceTree = SDKROOT; };
		026D27EC16EA8C3300BAFB8F /* Foundation.framework */ = {isa = PBXFileReference; lastKnownFileType = wrapper.framework; name = Foundation.framework; path = System/Library/Frameworks/Foundation.framework; sourceTree = SDKROOT; };
		026D27EE16EA8C3300BAFB8F /* CoreGraphics.framework */ = {isa = PBXFileReference; lastKnownFileType = wrapper.framework; name = CoreGraphics.framework; path = System/Library/Frameworks/CoreGraphics.framework; sourceTree = SDKROOT; };
		026D27F216EA8C3300BAFB8F /* cris-ios-Info.plist */ = {isa = PBXFileReference; lastKnownFileType = text.plist.xml; path = "cris-ios-Info.plist"; sourceTree = "<group>"; };
		026D27F416EA8C3300BAFB8F /* en */ = {isa = PBXFileReference; lastKnownFileType = text.plist.strings; name = en; path = en.lproj/InfoPlist.strings; sourceTree = "<group>"; };
		026D27F616EA8C3300BAFB8F /* main.m */ = {isa = PBXFileReference; lastKnownFileType = sourcecode.c.objc; path = main.m; sourceTree = "<group>"; };
		026D27F816EA8C3300BAFB8F /* cris-ios-Prefix.pch */ = {isa = PBXFileReference; lastKnownFileType = sourcecode.c.h; path = "cris-ios-Prefix.pch"; sourceTree = "<group>"; };
		026D27F916EA8C3300BAFB8F /* AppDelegate.h */ = {isa = PBXFileReference; lastKnownFileType = sourcecode.c.h; path = AppDelegate.h; sourceTree = "<group>"; };
		026D27FA16EA8C3300BAFB8F /* AppDelegate.m */ = {isa = PBXFileReference; lastKnownFileType = sourcecode.c.objc; path = AppDelegate.m; sourceTree = "<group>"; };
		026D27FC16EA8C3300BAFB8F /* Default.png */ = {isa = PBXFileReference; lastKnownFileType = image.png; path = Default.png; sourceTree = "<group>"; };
		026D27FE16EA8C3300BAFB8F /* Default@2x.png */ = {isa = PBXFileReference; lastKnownFileType = image.png; path = "Default@2x.png"; sourceTree = "<group>"; };
		026D280016EA8C3300BAFB8F /* Default-568h@2x.png */ = {isa = PBXFileReference; lastKnownFileType = image.png; path = "Default-568h@2x.png"; sourceTree = "<group>"; };
		026D280316EA8C3400BAFB8F /* en */ = {isa = PBXFileReference; lastKnownFileType = file.storyboard; name = en; path = en.lproj/MainStoryboard_iPhone.storyboard; sourceTree = "<group>"; };
		026D280616EA8C3400BAFB8F /* en */ = {isa = PBXFileReference; lastKnownFileType = file.storyboard; name = en; path = en.lproj/MainStoryboard_iPad.storyboard; sourceTree = "<group>"; };
		026D280816EA8C3400BAFB8F /* FirstViewController.h */ = {isa = PBXFileReference; lastKnownFileType = sourcecode.c.h; path = FirstViewController.h; sourceTree = "<group>"; };
		026D280916EA8C3400BAFB8F /* FirstViewController.m */ = {isa = PBXFileReference; lastKnownFileType = sourcecode.c.objc; path = FirstViewController.m; sourceTree = "<group>"; };
		026D280B16EA8C3400BAFB8F /* first.png */ = {isa = PBXFileReference; lastKnownFileType = image.png; path = first.png; sourceTree = "<group>"; };
		026D280D16EA8C3400BAFB8F /* first@2x.png */ = {isa = PBXFileReference; lastKnownFileType = image.png; path = "first@2x.png"; sourceTree = "<group>"; };
		026D280F16EA8C3400BAFB8F /* SecondViewController.h */ = {isa = PBXFileReference; lastKnownFileType = sourcecode.c.h; path = SecondViewController.h; sourceTree = "<group>"; };
		026D281016EA8C3400BAFB8F /* SecondViewController.m */ = {isa = PBXFileReference; lastKnownFileType = sourcecode.c.objc; path = SecondViewController.m; sourceTree = "<group>"; };
		026D281216EA8C3400BAFB8F /* second.png */ = {isa = PBXFileReference; lastKnownFileType = image.png; path = second.png; sourceTree = "<group>"; };
		026D281416EA8C3400BAFB8F /* second@2x.png */ = {isa = PBXFileReference; lastKnownFileType = image.png; path = "second@2x.png"; sourceTree = "<group>"; };
		026D281B16EA8C3400BAFB8F /* cris-iosTests.octest */ = {isa = PBXFileReference; explicitFileType = wrapper.cfbundle; includeInIndex = 0; path = "cris-iosTests.octest"; sourceTree = BUILT_PRODUCTS_DIR; };
		026D281C16EA8C3400BAFB8F /* SenTestingKit.framework */ = {isa = PBXFileReference; lastKnownFileType = wrapper.framework; name = SenTestingKit.framework; path = Library/Frameworks/SenTestingKit.framework; sourceTree = DEVELOPER_DIR; };
		026D282416EA8C3400BAFB8F /* cris-iosTests-Info.plist */ = {isa = PBXFileReference; lastKnownFileType = text.plist.xml; path = "cris-iosTests-Info.plist"; sourceTree = "<group>"; };
		026D282616EA8C3400BAFB8F /* en */ = {isa = PBXFileReference; lastKnownFileType = text.plist.strings; name = en; path = en.lproj/InfoPlist.strings; sourceTree = "<group>"; };
		026D282816EA8C3400BAFB8F /* cris_iosTests.h */ = {isa = PBXFileReference; lastKnownFileType = sourcecode.c.h; path = cris_iosTests.h; sourceTree = "<group>"; };
		026D282916EA8C3400BAFB8F /* cris_iosTests.m */ = {isa = PBXFileReference; lastKnownFileType = sourcecode.c.objc; path = cris_iosTests.m; sourceTree = "<group>"; };
		02D5390D16FA4F910088621D /* PostsViewController.h */ = {isa = PBXFileReference; fileEncoding = 4; lastKnownFileType = sourcecode.c.h; path = PostsViewController.h; sourceTree = "<group>"; };
		02D5390E16FA4F910088621D /* PostsViewController.m */ = {isa = PBXFileReference; fileEncoding = 4; lastKnownFileType = sourcecode.c.objc; path = PostsViewController.m; sourceTree = "<group>"; };
		02D5391016FA6FD30088621D /* NewPostViewController.h */ = {isa = PBXFileReference; fileEncoding = 4; lastKnownFileType = sourcecode.c.h; path = NewPostViewController.h; sourceTree = "<group>"; };
		02D5391116FA6FD30088621D /* NewPostViewController.m */ = {isa = PBXFileReference; fileEncoding = 4; lastKnownFileType = sourcecode.c.objc; path = NewPostViewController.m; sourceTree = "<group>"; };
		0419111B16F404B3009E9E5A /* 1Star.png */ = {isa = PBXFileReference; lastKnownFileType = image.png; path = 1Star.png; sourceTree = "<group>"; };
		0419111C16F404B3009E9E5A /* 1Star@2x.png */ = {isa = PBXFileReference; lastKnownFileType = image.png; path = "1Star@2x.png"; sourceTree = "<group>"; };
		0419111D16F404B3009E9E5A /* 1StarSmall.png */ = {isa = PBXFileReference; lastKnownFileType = image.png; path = 1StarSmall.png; sourceTree = "<group>"; };
		0419111E16F404B3009E9E5A /* 1StarSmall@2x.png */ = {isa = PBXFileReference; lastKnownFileType = image.png; path = "1StarSmall@2x.png"; sourceTree = "<group>"; };
		0419111F16F404B3009E9E5A /* 2Stars.png */ = {isa = PBXFileReference; lastKnownFileType = image.png; path = 2Stars.png; sourceTree = "<group>"; };
		0419112016F404B3009E9E5A /* 2Stars@2x.png */ = {isa = PBXFileReference; lastKnownFileType = image.png; path = "2Stars@2x.png"; sourceTree = "<group>"; };
		0419112116F404B3009E9E5A /* 2StarsSmall.png */ = {isa = PBXFileReference; lastKnownFileType = image.png; path = 2StarsSmall.png; sourceTree = "<group>"; };
		0419112216F404B3009E9E5A /* 2StarsSmall@2x.png */ = {isa = PBXFileReference; lastKnownFileType = image.png; path = "2StarsSmall@2x.png"; sourceTree = "<group>"; };
		0419112316F404B3009E9E5A /* 3Stars.png */ = {isa = PBXFileReference; lastKnownFileType = image.png; path = 3Stars.png; sourceTree = "<group>"; };
		0419112416F404B3009E9E5A /* 3Stars@2x.png */ = {isa = PBXFileReference; lastKnownFileType = image.png; path = "3Stars@2x.png"; sourceTree = "<group>"; };
		0419112516F404B3009E9E5A /* 3StarsSmall.png */ = {isa = PBXFileReference; lastKnownFileType = image.png; path = 3StarsSmall.png; sourceTree = "<group>"; };
		0419112616F404B3009E9E5A /* 3StarsSmall@2x.png */ = {isa = PBXFileReference; lastKnownFileType = image.png; path = "3StarsSmall@2x.png"; sourceTree = "<group>"; };
		0419112716F404B3009E9E5A /* 4Stars.png */ = {isa = PBXFileReference; lastKnownFileType = image.png; path = 4Stars.png; sourceTree = "<group>"; };
		0419112816F404B3009E9E5A /* 4Stars@2x.png */ = {isa = PBXFileReference; lastKnownFileType = image.png; path = "4Stars@2x.png"; sourceTree = "<group>"; };
		0419112916F404B3009E9E5A /* 4StarsSmall.png */ = {isa = PBXFileReference; lastKnownFileType = image.png; path = 4StarsSmall.png; sourceTree = "<group>"; };
		0419112A16F404B3009E9E5A /* 4StarsSmall@2x.png */ = {isa = PBXFileReference; lastKnownFileType = image.png; path = "4StarsSmall@2x.png"; sourceTree = "<group>"; };
		0419112B16F404B3009E9E5A /* 5Stars.png */ = {isa = PBXFileReference; lastKnownFileType = image.png; path = 5Stars.png; sourceTree = "<group>"; };
		0419112C16F404B3009E9E5A /* 5Stars@2x.png */ = {isa = PBXFileReference; lastKnownFileType = image.png; path = "5Stars@2x.png"; sourceTree = "<group>"; };
		0419112D16F404B3009E9E5A /* 5StarsSmall.png */ = {isa = PBXFileReference; lastKnownFileType = image.png; path = 5StarsSmall.png; sourceTree = "<group>"; };
		0419112E16F404B3009E9E5A /* 5StarsSmall@2x.png */ = {isa = PBXFileReference; lastKnownFileType = image.png; path = "5StarsSmall@2x.png"; sourceTree = "<group>"; };
		0419112F16F404B3009E9E5A /* Gestures.png */ = {isa = PBXFileReference; lastKnownFileType = image.png; path = Gestures.png; sourceTree = "<group>"; };
		0419113016F404B3009E9E5A /* Gestures@2x.png */ = {isa = PBXFileReference; lastKnownFileType = image.png; path = "Gestures@2x.png"; sourceTree = "<group>"; };
		0419113116F404B3009E9E5A /* Players.png */ = {isa = PBXFileReference; lastKnownFileType = image.png; path = Players.png; sourceTree = "<group>"; };
		0419113216F404B3009E9E5A /* Players@2x.png */ = {isa = PBXFileReference; lastKnownFileType = image.png; path = "Players@2x.png"; sourceTree = "<group>"; };
		0419114B16F68BC8009E9E5A /* thumbs-down-smallicon.png */ = {isa = PBXFileReference; lastKnownFileType = image.png; path = "thumbs-down-smallicon.png"; sourceTree = "<group>"; };
		0419114C16F68BC8009E9E5A /* thumbs-up-smallicon.png */ = {isa = PBXFileReference; lastKnownFileType = image.png; path = "thumbs-up-smallicon.png"; sourceTree = "<group>"; };
		04DFDFEA16FBFE8400366FB2 /* UserViewController.h */ = {isa = PBXFileReference; fileEncoding = 4; lastKnownFileType = sourcecode.c.h; path = UserViewController.h; sourceTree = "<group>"; };
		04DFDFEB16FBFE8400366FB2 /* UserViewController.m */ = {isa = PBXFileReference; fileEncoding = 4; lastKnownFileType = sourcecode.c.objc; path = UserViewController.m; sourceTree = "<group>"; };
		477FC6D116EE8A5500CCB2B2 /* Course.h */ = {isa = PBXFileReference; fileEncoding = 4; lastKnownFileType = sourcecode.c.h; path = Course.h; sourceTree = "<group>"; };
		477FC6D216EE8A5500CCB2B2 /* Course.m */ = {isa = PBXFileReference; fileEncoding = 4; lastKnownFileType = sourcecode.c.objc; path = Course.m; sourceTree = "<group>"; };
		479CD49D16ED21A900F31372 /* CourseDetailViewController.h */ = {isa = PBXFileReference; fileEncoding = 4; lastKnownFileType = sourcecode.c.h; path = CourseDetailViewController.h; sourceTree = "<group>"; };
		479CD49E16ED21A900F31372 /* CourseDetailViewController.m */ = {isa = PBXFileReference; fileEncoding = 4; lastKnownFileType = sourcecode.c.objc; path = CourseDetailViewController.m; sourceTree = "<group>"; };
		47D672DC16EC26640076FFE4 /* InstructorsViewController.h */ = {isa = PBXFileReference; fileEncoding = 4; lastKnownFileType = sourcecode.c.h; path = InstructorsViewController.h; sourceTree = "<group>"; };
		47D672DD16EC26640076FFE4 /* InstructorsViewController.m */ = {isa = PBXFileReference; fileEncoding = 4; lastKnownFileType = sourcecode.c.objc; path = InstructorsViewController.m; sourceTree = "<group>"; };
		47D672DF16EC26830076FFE4 /* TopRatedViewController.h */ = {isa = PBXFileReference; fileEncoding = 4; lastKnownFileType = sourcecode.c.h; path = TopRatedViewController.h; sourceTree = "<group>"; };
		47D672E016EC26830076FFE4 /* TopRatedViewController.m */ = {isa = PBXFileReference; fileEncoding = 4; lastKnownFileType = sourcecode.c.objc; path = TopRatedViewController.m; sourceTree = "<group>"; };
		B6838F2516F636A90095D56D /* ReviewViewController.h */ = {isa = PBXFileReference; fileEncoding = 4; lastKnownFileType = sourcecode.c.h; path = ReviewViewController.h; sourceTree = "<group>"; };
		B6838F2616F636A90095D56D /* ReviewViewController.m */ = {isa = PBXFileReference; fileEncoding = 4; lastKnownFileType = sourcecode.c.objc; path = ReviewViewController.m; sourceTree = "<group>"; };
		B687E2F616F5548F00BE2831 /* Review.h */ = {isa = PBXFileReference; fileEncoding = 4; lastKnownFileType = sourcecode.c.h; path = Review.h; sourceTree = "<group>"; };
		B687E2F716F5548F00BE2831 /* Review.m */ = {isa = PBXFileReference; fileEncoding = 4; lastKnownFileType = sourcecode.c.objc; path = Review.m; sourceTree = "<group>"; };
		B68A5D1D16EBD9B50013EF57 /* CoursesTableViewController.h */ = {isa = PBXFileReference; fileEncoding = 4; lastKnownFileType = sourcecode.c.h; path = CoursesTableViewController.h; sourceTree = "<group>"; };
		B68A5D1E16EBD9B50013EF57 /* CoursesTableViewController.m */ = {isa = PBXFileReference; fileEncoding = 4; lastKnownFileType = sourcecode.c.objc; path = CoursesTableViewController.m; sourceTree = "<group>"; };
/* End PBXFileReference section */

/* Begin PBXFrameworksBuildPhase section */
		026D27E416EA8C3300BAFB8F /* Frameworks */ = {
			isa = PBXFrameworksBuildPhase;
			buildActionMask = 2147483647;
			files = (
				026D27EB16EA8C3300BAFB8F /* UIKit.framework in Frameworks */,
				026D27ED16EA8C3300BAFB8F /* Foundation.framework in Frameworks */,
				026D27EF16EA8C3300BAFB8F /* CoreGraphics.framework in Frameworks */,
			);
			runOnlyForDeploymentPostprocessing = 0;
		};
		026D281716EA8C3400BAFB8F /* Frameworks */ = {
			isa = PBXFrameworksBuildPhase;
			buildActionMask = 2147483647;
			files = (
				026D281D16EA8C3400BAFB8F /* SenTestingKit.framework in Frameworks */,
				026D281E16EA8C3400BAFB8F /* UIKit.framework in Frameworks */,
				026D281F16EA8C3400BAFB8F /* Foundation.framework in Frameworks */,
			);
			runOnlyForDeploymentPostprocessing = 0;
		};
/* End PBXFrameworksBuildPhase section */

/* Begin PBXGroup section */
		026D27DE16EA8C3300BAFB8F = {
			isa = PBXGroup;
			children = (
				026D27F016EA8C3300BAFB8F /* cris-ios */,
				026D282216EA8C3400BAFB8F /* cris-iosTests */,
				026D27E916EA8C3300BAFB8F /* Frameworks */,
				026D27E816EA8C3300BAFB8F /* Products */,
			);
			sourceTree = "<group>";
		};
		026D27E816EA8C3300BAFB8F /* Products */ = {
			isa = PBXGroup;
			children = (
				026D27E716EA8C3300BAFB8F /* cris-ios.app */,
				026D281B16EA8C3400BAFB8F /* cris-iosTests.octest */,
			);
			name = Products;
			sourceTree = "<group>";
		};
		026D27E916EA8C3300BAFB8F /* Frameworks */ = {
			isa = PBXGroup;
			children = (
				026D27EA16EA8C3300BAFB8F /* UIKit.framework */,
				026D27EC16EA8C3300BAFB8F /* Foundation.framework */,
				026D27EE16EA8C3300BAFB8F /* CoreGraphics.framework */,
				026D281C16EA8C3400BAFB8F /* SenTestingKit.framework */,
			);
			name = Frameworks;
			sourceTree = "<group>";
		};
		026D27F016EA8C3300BAFB8F /* cris-ios */ = {
			isa = PBXGroup;
			children = (
				026D27F916EA8C3300BAFB8F /* AppDelegate.h */,
				477FC6D116EE8A5500CCB2B2 /* Course.h */,
				479CD49D16ED21A900F31372 /* CourseDetailViewController.h */,
				B68A5D1D16EBD9B50013EF57 /* CoursesTableViewController.h */,
				026D280816EA8C3400BAFB8F /* FirstViewController.h */,
				47D672DC16EC26640076FFE4 /* InstructorsViewController.h */,
				B687E2F616F5548F00BE2831 /* Review.h */,
				B6838F2516F636A90095D56D /* ReviewViewController.h */,
				026D280F16EA8C3400BAFB8F /* SecondViewController.h */,
				47D672DF16EC26830076FFE4 /* TopRatedViewController.h */,
				02D5390D16FA4F910088621D /* PostsViewController.h */,
				02D5391016FA6FD30088621D /* NewPostViewController.h */,
				026D27FA16EA8C3300BAFB8F /* AppDelegate.m */,
				477FC6D216EE8A5500CCB2B2 /* Course.m */,
				479CD49E16ED21A900F31372 /* CourseDetailViewController.m */,
				B68A5D1E16EBD9B50013EF57 /* CoursesTableViewController.m */,
				026D280916EA8C3400BAFB8F /* FirstViewController.m */,
				47D672DD16EC26640076FFE4 /* InstructorsViewController.m */,
				B687E2F716F5548F00BE2831 /* Review.m */,
				B6838F2616F636A90095D56D /* ReviewViewController.m */,
				026D281016EA8C3400BAFB8F /* SecondViewController.m */,
				04DFDFEA16FBFE8400366FB2 /* UserViewController.h */,
				04DFDFEB16FBFE8400366FB2 /* UserViewController.m */,
				47D672E016EC26830076FFE4 /* TopRatedViewController.m */,
				02D5390E16FA4F910088621D /* PostsViewController.m */,
				02D5391116FA6FD30088621D /* NewPostViewController.m */,
				026D280B16EA8C3400BAFB8F /* first.png */,
				026D280D16EA8C3400BAFB8F /* first@2x.png */,
				026D281216EA8C3400BAFB8F /* second.png */,
				026D281416EA8C3400BAFB8F /* second@2x.png */,
				0419111A16F404B3009E9E5A /* Images */,
				026D280516EA8C3400BAFB8F /* MainStoryboard_iPad.storyboard */,
				026D280216EA8C3400BAFB8F /* MainStoryboard_iPhone.storyboard */,
				026D27F116EA8C3300BAFB8F /* Supporting Files */,
			);
			path = "cris-ios";
			sourceTree = "<group>";
		};
		026D27F116EA8C3300BAFB8F /* Supporting Files */ = {
			isa = PBXGroup;
			children = (
				026D27F216EA8C3300BAFB8F /* cris-ios-Info.plist */,
				026D27F316EA8C3300BAFB8F /* InfoPlist.strings */,
				026D27F616EA8C3300BAFB8F /* main.m */,
				026D27F816EA8C3300BAFB8F /* cris-ios-Prefix.pch */,
				026D27FC16EA8C3300BAFB8F /* Default.png */,
				026D27FE16EA8C3300BAFB8F /* Default@2x.png */,
				026D280016EA8C3300BAFB8F /* Default-568h@2x.png */,
			);
			name = "Supporting Files";
			sourceTree = "<group>";
		};
		026D282216EA8C3400BAFB8F /* cris-iosTests */ = {
			isa = PBXGroup;
			children = (
				026D282816EA8C3400BAFB8F /* cris_iosTests.h */,
				026D282916EA8C3400BAFB8F /* cris_iosTests.m */,
				026D282316EA8C3400BAFB8F /* Supporting Files */,
			);
			path = "cris-iosTests";
			sourceTree = "<group>";
		};
		026D282316EA8C3400BAFB8F /* Supporting Files */ = {
			isa = PBXGroup;
			children = (
				026D282416EA8C3400BAFB8F /* cris-iosTests-Info.plist */,
				026D282516EA8C3400BAFB8F /* InfoPlist.strings */,
			);
			name = "Supporting Files";
			sourceTree = "<group>";
		};
		0419111A16F404B3009E9E5A /* Images */ = {
			isa = PBXGroup;
			children = (
				0419111B16F404B3009E9E5A /* 1Star.png */,
				0419111C16F404B3009E9E5A /* 1Star@2x.png */,
				0419114B16F68BC8009E9E5A /* thumbs-down-smallicon.png */,
				0419114C16F68BC8009E9E5A /* thumbs-up-smallicon.png */,
				0419111D16F404B3009E9E5A /* 1StarSmall.png */,
				0419111E16F404B3009E9E5A /* 1StarSmall@2x.png */,
				0419111F16F404B3009E9E5A /* 2Stars.png */,
				0419112016F404B3009E9E5A /* 2Stars@2x.png */,
				0419112116F404B3009E9E5A /* 2StarsSmall.png */,
				0419112216F404B3009E9E5A /* 2StarsSmall@2x.png */,
				0419112316F404B3009E9E5A /* 3Stars.png */,
				0419112416F404B3009E9E5A /* 3Stars@2x.png */,
				0419112516F404B3009E9E5A /* 3StarsSmall.png */,
				0419112616F404B3009E9E5A /* 3StarsSmall@2x.png */,
				0419112716F404B3009E9E5A /* 4Stars.png */,
				0419112816F404B3009E9E5A /* 4Stars@2x.png */,
				0419112916F404B3009E9E5A /* 4StarsSmall.png */,
				0419112A16F404B3009E9E5A /* 4StarsSmall@2x.png */,
				0419112B16F404B3009E9E5A /* 5Stars.png */,
				0419112C16F404B3009E9E5A /* 5Stars@2x.png */,
				0419112D16F404B3009E9E5A /* 5StarsSmall.png */,
				0419112E16F404B3009E9E5A /* 5StarsSmall@2x.png */,
				0419112F16F404B3009E9E5A /* Gestures.png */,
				0419113016F404B3009E9E5A /* Gestures@2x.png */,
				0419113116F404B3009E9E5A /* Players.png */,
				0419113216F404B3009E9E5A /* Players@2x.png */,
			);
			path = Images;
			sourceTree = "<group>";
		};
/* End PBXGroup section */

/* Begin PBXNativeTarget section */
		026D27E616EA8C3300BAFB8F /* cris-ios */ = {
			isa = PBXNativeTarget;
			buildConfigurationList = 026D282D16EA8C3400BAFB8F /* Build configuration list for PBXNativeTarget "cris-ios" */;
			buildPhases = (
				026D27E316EA8C3300BAFB8F /* Sources */,
				026D27E416EA8C3300BAFB8F /* Frameworks */,
				026D27E516EA8C3300BAFB8F /* Resources */,
			);
			buildRules = (
			);
			dependencies = (
			);
			name = "cris-ios";
			productName = "cris-ios";
			productReference = 026D27E716EA8C3300BAFB8F /* cris-ios.app */;
			productType = "com.apple.product-type.application";
		};
		026D281A16EA8C3400BAFB8F /* cris-iosTests */ = {
			isa = PBXNativeTarget;
			buildConfigurationList = 026D283016EA8C3400BAFB8F /* Build configuration list for PBXNativeTarget "cris-iosTests" */;
			buildPhases = (
				026D281616EA8C3400BAFB8F /* Sources */,
				026D281716EA8C3400BAFB8F /* Frameworks */,
				026D281816EA8C3400BAFB8F /* Resources */,
				026D281916EA8C3400BAFB8F /* ShellScript */,
			);
			buildRules = (
			);
			dependencies = (
				026D282116EA8C3400BAFB8F /* PBXTargetDependency */,
			);
			name = "cris-iosTests";
			productName = "cris-iosTests";
			productReference = 026D281B16EA8C3400BAFB8F /* cris-iosTests.octest */;
			productType = "com.apple.product-type.bundle";
		};
/* End PBXNativeTarget section */

/* Begin PBXProject section */
		026D27DF16EA8C3300BAFB8F /* Project object */ = {
			isa = PBXProject;
			attributes = {
				LastUpgradeCheck = 0460;
				ORGANIZATIONNAME = "Scott Hofer";
			};
			buildConfigurationList = 026D27E216EA8C3300BAFB8F /* Build configuration list for PBXProject "cris-ios" */;
			compatibilityVersion = "Xcode 3.2";
			developmentRegion = English;
			hasScannedForEncodings = 0;
			knownRegions = (
				en,
			);
			mainGroup = 026D27DE16EA8C3300BAFB8F;
			productRefGroup = 026D27E816EA8C3300BAFB8F /* Products */;
			projectDirPath = "";
			projectRoot = "";
			targets = (
				026D27E616EA8C3300BAFB8F /* cris-ios */,
				026D281A16EA8C3400BAFB8F /* cris-iosTests */,
			);
		};
/* End PBXProject section */

/* Begin PBXResourcesBuildPhase section */
		026D27E516EA8C3300BAFB8F /* Resources */ = {
			isa = PBXResourcesBuildPhase;
			buildActionMask = 2147483647;
			files = (
				026D27F516EA8C3300BAFB8F /* InfoPlist.strings in Resources */,
				026D27FD16EA8C3300BAFB8F /* Default.png in Resources */,
				026D27FF16EA8C3300BAFB8F /* Default@2x.png in Resources */,
				026D280116EA8C3300BAFB8F /* Default-568h@2x.png in Resources */,
				026D280416EA8C3400BAFB8F /* MainStoryboard_iPhone.storyboard in Resources */,
				026D280716EA8C3400BAFB8F /* MainStoryboard_iPad.storyboard in Resources */,
				026D280C16EA8C3400BAFB8F /* first.png in Resources */,
				026D280E16EA8C3400BAFB8F /* first@2x.png in Resources */,
				026D281316EA8C3400BAFB8F /* second.png in Resources */,
				026D281516EA8C3400BAFB8F /* second@2x.png in Resources */,
				0419113316F404B3009E9E5A /* 1Star.png in Resources */,
				0419113416F404B3009E9E5A /* 1Star@2x.png in Resources */,
				0419113516F404B3009E9E5A /* 1StarSmall.png in Resources */,
				0419113616F404B3009E9E5A /* 1StarSmall@2x.png in Resources */,
				0419113716F404B3009E9E5A /* 2Stars.png in Resources */,
				0419113816F404B3009E9E5A /* 2Stars@2x.png in Resources */,
				0419113916F404B3009E9E5A /* 2StarsSmall.png in Resources */,
				0419113A16F404B3009E9E5A /* 2StarsSmall@2x.png in Resources */,
				0419113B16F404B3009E9E5A /* 3Stars.png in Resources */,
				0419113C16F404B3009E9E5A /* 3Stars@2x.png in Resources */,
				0419113D16F404B3009E9E5A /* 3StarsSmall.png in Resources */,
				0419113E16F404B3009E9E5A /* 3StarsSmall@2x.png in Resources */,
				0419113F16F404B3009E9E5A /* 4Stars.png in Resources */,
				0419114016F404B3009E9E5A /* 4Stars@2x.png in Resources */,
				0419114116F404B3009E9E5A /* 4StarsSmall.png in Resources */,
				0419114216F404B3009E9E5A /* 4StarsSmall@2x.png in Resources */,
				0419114316F404B3009E9E5A /* 5Stars.png in Resources */,
				0419114416F404B3009E9E5A /* 5Stars@2x.png in Resources */,
				0419114516F404B3009E9E5A /* 5StarsSmall.png in Resources */,
				0419114616F404B3009E9E5A /* 5StarsSmall@2x.png in Resources */,
				0419114716F404B3009E9E5A /* Gestures.png in Resources */,
				0419114816F404B3009E9E5A /* Gestures@2x.png in Resources */,
				0419114916F404B3009E9E5A /* Players.png in Resources */,
				0419114A16F404B3009E9E5A /* Players@2x.png in Resources */,
				0419114D16F68BC9009E9E5A /* thumbs-down-smallicon.png in Resources */,
				0419114E16F68BC9009E9E5A /* thumbs-up-smallicon.png in Resources */,
			);
			runOnlyForDeploymentPostprocessing = 0;
		};
		026D281816EA8C3400BAFB8F /* Resources */ = {
			isa = PBXResourcesBuildPhase;
			buildActionMask = 2147483647;
			files = (
				026D282716EA8C3400BAFB8F /* InfoPlist.strings in Resources */,
			);
			runOnlyForDeploymentPostprocessing = 0;
		};
/* End PBXResourcesBuildPhase section */

/* Begin PBXShellScriptBuildPhase section */
		026D281916EA8C3400BAFB8F /* ShellScript */ = {
			isa = PBXShellScriptBuildPhase;
			buildActionMask = 2147483647;
			files = (
			);
			inputPaths = (
			);
			outputPaths = (
			);
			runOnlyForDeploymentPostprocessing = 0;
			shellPath = /bin/sh;
			shellScript = "# Run the unit tests in this test bundle.\n\"${SYSTEM_DEVELOPER_DIR}/Tools/RunUnitTests\"\n";
		};
/* End PBXShellScriptBuildPhase section */

/* Begin PBXSourcesBuildPhase section */
		026D27E316EA8C3300BAFB8F /* Sources */ = {
			isa = PBXSourcesBuildPhase;
			buildActionMask = 2147483647;
			files = (
				026D27F716EA8C3300BAFB8F /* main.m in Sources */,
				026D27FB16EA8C3300BAFB8F /* AppDelegate.m in Sources */,
				026D280A16EA8C3400BAFB8F /* FirstViewController.m in Sources */,
				026D281116EA8C3400BAFB8F /* SecondViewController.m in Sources */,
				B68A5D1F16EBD9B50013EF57 /* CoursesTableViewController.m in Sources */,
				47D672DE16EC26640076FFE4 /* InstructorsViewController.m in Sources */,
				47D672E116EC26830076FFE4 /* TopRatedViewController.m in Sources */,
				479CD49F16ED21A900F31372 /* CourseDetailViewController.m in Sources */,
				477FC6D316EE8A5500CCB2B2 /* Course.m in Sources */,
				B687E2F816F5548F00BE2831 /* Review.m in Sources */,
				B6838F2716F636A90095D56D /* ReviewViewController.m in Sources */,
				02D5390F16FA4F910088621D /* PostsViewController.m in Sources */,
				02D5391216FA6FD30088621D /* NewPostViewController.m in Sources */,
				04DFDFEC16FBFE8400366FB2 /* UserViewController.m in Sources */,
			);
			runOnlyForDeploymentPostprocessing = 0;
		};
		026D281616EA8C3400BAFB8F /* Sources */ = {
			isa = PBXSourcesBuildPhase;
			buildActionMask = 2147483647;
			files = (
				026D282A16EA8C3400BAFB8F /* cris_iosTests.m in Sources */,
			);
			runOnlyForDeploymentPostprocessing = 0;
		};
/* End PBXSourcesBuildPhase section */

/* Begin PBXTargetDependency section */
		026D282116EA8C3400BAFB8F /* PBXTargetDependency */ = {
			isa = PBXTargetDependency;
			target = 026D27E616EA8C3300BAFB8F /* cris-ios */;
			targetProxy = 026D282016EA8C3400BAFB8F /* PBXContainerItemProxy */;
		};
/* End PBXTargetDependency section */

/* Begin PBXVariantGroup section */
		026D27F316EA8C3300BAFB8F /* InfoPlist.strings */ = {
			isa = PBXVariantGroup;
			children = (
				026D27F416EA8C3300BAFB8F /* en */,
			);
			name = InfoPlist.strings;
			sourceTree = "<group>";
		};
		026D280216EA8C3400BAFB8F /* MainStoryboard_iPhone.storyboard */ = {
			isa = PBXVariantGroup;
			children = (
				026D280316EA8C3400BAFB8F /* en */,
			);
			name = MainStoryboard_iPhone.storyboard;
			sourceTree = "<group>";
		};
		026D280516EA8C3400BAFB8F /* MainStoryboard_iPad.storyboard */ = {
			isa = PBXVariantGroup;
			children = (
				026D280616EA8C3400BAFB8F /* en */,
			);
			name = MainStoryboard_iPad.storyboard;
			sourceTree = "<group>";
		};
		026D282516EA8C3400BAFB8F /* InfoPlist.strings */ = {
			isa = PBXVariantGroup;
			children = (
				026D282616EA8C3400BAFB8F /* en */,
			);
			name = InfoPlist.strings;
			sourceTree = "<group>";
		};
/* End PBXVariantGroup section */

/* Begin XCBuildConfiguration section */
		026D282B16EA8C3400BAFB8F /* Debug */ = {
			isa = XCBuildConfiguration;
			buildSettings = {
				ALWAYS_SEARCH_USER_PATHS = NO;
				CLANG_CXX_LANGUAGE_STANDARD = "gnu++0x";
				CLANG_CXX_LIBRARY = "libc++";
				CLANG_ENABLE_OBJC_ARC = YES;
				CLANG_WARN_CONSTANT_CONVERSION = YES;
				CLANG_WARN_EMPTY_BODY = YES;
				CLANG_WARN_ENUM_CONVERSION = YES;
				CLANG_WARN_INT_CONVERSION = YES;
				CLANG_WARN__DUPLICATE_METHOD_MATCH = YES;
				"CODE_SIGN_IDENTITY[sdk=iphoneos*]" = "iPhone Developer";
				COPY_PHASE_STRIP = NO;
				GCC_C_LANGUAGE_STANDARD = gnu99;
				GCC_DYNAMIC_NO_PIC = NO;
				GCC_OPTIMIZATION_LEVEL = 0;
				GCC_PREPROCESSOR_DEFINITIONS = (
					"DEBUG=1",
					"$(inherited)",
				);
				GCC_SYMBOLS_PRIVATE_EXTERN = NO;
				GCC_WARN_ABOUT_RETURN_TYPE = YES;
				GCC_WARN_UNINITIALIZED_AUTOS = YES;
				GCC_WARN_UNUSED_VARIABLE = YES;
				IPHONEOS_DEPLOYMENT_TARGET = 6.1;
				ONLY_ACTIVE_ARCH = YES;
				SDKROOT = iphoneos;
				TARGETED_DEVICE_FAMILY = "1,2";
			};
			name = Debug;
		};
		026D282C16EA8C3400BAFB8F /* Release */ = {
			isa = XCBuildConfiguration;
			buildSettings = {
				ALWAYS_SEARCH_USER_PATHS = NO;
				CLANG_CXX_LANGUAGE_STANDARD = "gnu++0x";
				CLANG_CXX_LIBRARY = "libc++";
				CLANG_ENABLE_OBJC_ARC = YES;
				CLANG_WARN_CONSTANT_CONVERSION = YES;
				CLANG_WARN_EMPTY_BODY = YES;
				CLANG_WARN_ENUM_CONVERSION = YES;
				CLANG_WARN_INT_CONVERSION = YES;
				CLANG_WARN__DUPLICATE_METHOD_MATCH = YES;
				"CODE_SIGN_IDENTITY[sdk=iphoneos*]" = "iPhone Developer";
				COPY_PHASE_STRIP = YES;
				GCC_C_LANGUAGE_STANDARD = gnu99;
				GCC_WARN_ABOUT_RETURN_TYPE = YES;
				GCC_WARN_UNINITIALIZED_AUTOS = YES;
				GCC_WARN_UNUSED_VARIABLE = YES;
				IPHONEOS_DEPLOYMENT_TARGET = 6.1;
				OTHER_CFLAGS = "-DNS_BLOCK_ASSERTIONS=1";
				SDKROOT = iphoneos;
				TARGETED_DEVICE_FAMILY = "1,2";
				VALIDATE_PRODUCT = YES;
			};
			name = Release;
		};
		026D282E16EA8C3400BAFB8F /* Debug */ = {
			isa = XCBuildConfiguration;
			buildSettings = {
				GCC_PRECOMPILE_PREFIX_HEADER = YES;
				GCC_PREFIX_HEADER = "cris-ios/cris-ios-Prefix.pch";
				INFOPLIST_FILE = "cris-ios/cris-ios-Info.plist";
				PRODUCT_NAME = "$(TARGET_NAME)";
				WRAPPER_EXTENSION = app;
			};
			name = Debug;
		};
		026D282F16EA8C3400BAFB8F /* Release */ = {
			isa = XCBuildConfiguration;
			buildSettings = {
				GCC_PRECOMPILE_PREFIX_HEADER = YES;
				GCC_PREFIX_HEADER = "cris-ios/cris-ios-Prefix.pch";
				INFOPLIST_FILE = "cris-ios/cris-ios-Info.plist";
				PRODUCT_NAME = "$(TARGET_NAME)";
				WRAPPER_EXTENSION = app;
			};
			name = Release;
		};
		026D283116EA8C3400BAFB8F /* Debug */ = {
			isa = XCBuildConfiguration;
			buildSettings = {
				BUNDLE_LOADER = "$(BUILT_PRODUCTS_DIR)/cris-ios.app/cris-ios";
				FRAMEWORK_SEARCH_PATHS = (
					"\"$(SDKROOT)/Developer/Library/Frameworks\"",
					"\"$(DEVELOPER_LIBRARY_DIR)/Frameworks\"",
				);
				GCC_PRECOMPILE_PREFIX_HEADER = YES;
				GCC_PREFIX_HEADER = "cris-ios/cris-ios-Prefix.pch";
				INFOPLIST_FILE = "cris-iosTests/cris-iosTests-Info.plist";
				PRODUCT_NAME = "$(TARGET_NAME)";
				TEST_HOST = "$(BUNDLE_LOADER)";
				WRAPPER_EXTENSION = octest;
			};
			name = Debug;
		};
		026D283216EA8C3400BAFB8F /* Release */ = {
			isa = XCBuildConfiguration;
			buildSettings = {
				BUNDLE_LOADER = "$(BUILT_PRODUCTS_DIR)/cris-ios.app/cris-ios";
				FRAMEWORK_SEARCH_PATHS = (
					"\"$(SDKROOT)/Developer/Library/Frameworks\"",
					"\"$(DEVELOPER_LIBRARY_DIR)/Frameworks\"",
				);
				GCC_PRECOMPILE_PREFIX_HEADER = YES;
				GCC_PREFIX_HEADER = "cris-ios/cris-ios-Prefix.pch";
				INFOPLIST_FILE = "cris-iosTests/cris-iosTests-Info.plist";
				PRODUCT_NAME = "$(TARGET_NAME)";
				TEST_HOST = "$(BUNDLE_LOADER)";
				WRAPPER_EXTENSION = octest;
			};
			name = Release;
		};
/* End XCBuildConfiguration section */

/* Begin XCConfigurationList section */
		026D27E216EA8C3300BAFB8F /* Build configuration list for PBXProject "cris-ios" */ = {
			isa = XCConfigurationList;
			buildConfigurations = (
				026D282B16EA8C3400BAFB8F /* Debug */,
				026D282C16EA8C3400BAFB8F /* Release */,
			);
			defaultConfigurationIsVisible = 0;
			defaultConfigurationName = Release;
		};
		026D282D16EA8C3400BAFB8F /* Build configuration list for PBXNativeTarget "cris-ios" */ = {
			isa = XCConfigurationList;
			buildConfigurations = (
				026D282E16EA8C3400BAFB8F /* Debug */,
				026D282F16EA8C3400BAFB8F /* Release */,
			);
			defaultConfigurationIsVisible = 0;
			defaultConfigurationName = Release;
		};
		026D283016EA8C3400BAFB8F /* Build configuration list for PBXNativeTarget "cris-iosTests" */ = {
			isa = XCConfigurationList;
			buildConfigurations = (
				026D283116EA8C3400BAFB8F /* Debug */,
				026D283216EA8C3400BAFB8F /* Release */,
			);
			defaultConfigurationIsVisible = 0;
			defaultConfigurationName = Release;
		};
/* End XCConfigurationList section */
	};
	rootObject = 026D27DF16EA8C3300BAFB8F /* Project object */;
}
